
Microsoft Visual Studio Solution File, Format Version 12.00
# Visual Studio Version 17
VisualStudioVersion = 17.14.36603.0
MinimumVisualStudioVersion = 10.0.40219.1
Project("{FAE04EC0-301F-11D3-BF4B-00C04F79EFBC}") = "Semestral - DSIV GS", "Semestral - DSIV GS.csproj", "{2382DDC2-CBD5-4A90-BEE6-040A908C66C7}"
EndProject
Global
	GlobalSection(SolutionConfigurationPlatforms) = preSolution
		Debug|Any CPU = Debug|Any CPU
		Release|Any CPU = Release|Any CPU
	EndGlobalSection
	GlobalSection(ProjectConfigurationPlatforms) = postSolution
		{2382DDC2-CBD5-4A90-BEE6-040A908C66C7}.Debug|Any CPU.ActiveCfg = Debug|Any CPU
		{2382DDC2-CBD5-4A90-BEE6-040A908C66C7}.Debug|Any CPU.Build.0 = Debug|Any CPU
		{2382DDC2-CBD5-4A90-BEE6-040A908C66C7}.Release|Any CPU.ActiveCfg = Release|Any CPU
		{2382DDC2-CBD5-4A90-BEE6-040A908C66C7}.Release|Any CPU.Build.0 = Release|Any CPU
	EndGlobalSection
	GlobalSection(SolutionProperties) = preSolution
		HideSolutionNode = FALSE
	EndGlobalSection
	GlobalSection(ExtensibilityGlobals) = postSolution
		SolutionGuid = {F1883671-BF34-4124-ADA6-46ED03F2C74C}
	EndGlobalSection
EndGlobal
